Microsoft Visual Studio Solution File, Format Version 12.00
# Visual Studio Version 17
VisualStudioVersion = 17.5.2.0
MinimumVisualStudioVersion = 10.0.40219.1
Project("{FAE04EC0-301F-11D3-BF4B-00C04F79EFBC}") = "CajeroAutomatico", "CajeroAutomatico\CajeroAutomatico.csproj", "{3FCAF0E1-6EFC-B2C3-B39D-A50853A2F447}"
EndProject
Global
	GlobalSection(SolutionConfigurationPlatforms) = preSolution
		Debug|Any CPU = Debug|Any CPU
		Release|Any CPU = Release|Any CPU
	EndGlobalSection
	GlobalSection(ProjectConfigurationPlatforms) = postSolution
		{3FCAF0E1-6EFC-B2C3-B39D-A50853A2F447}.Debug|Any CPU.ActiveCfg = Debug|Any CPU
		{3FCAF0E1-6EFC-B2C3-B39D-A50853A2F447}.Debug|Any CPU.Build.0 = Debug|Any CPU
		{3FCAF0E1-6EFC-B2C3-B39D-A50853A2F447}.Release|Any CPU.ActiveCfg = Release|Any CPU
		{3FCAF0E1-6EFC-B2C3-B39D-A50853A2F447}.Release|Any CPU.Build.0 = Release|Any CPU
	EndGlobalSection
	GlobalSection(SolutionProperties) = preSolution
		HideSolutionNode = FALSE
	EndGlobalSection
	GlobalSection(ExtensibilityGlobals) = postSolution
		SolutionGuid = {0B0343CD-B481-4281-AEB1-4A217DFAA355}
	EndGlobalSection
EndGlobal
